Microsoft Visual Studio Solution File, Format Version 11.00
# Visual Studio 2008

Project("{2EB63514-74AF-712B-4C54-A259D78DB415}") = "WorkingTitle", "Assembly-CSharp-firstpass.csproj", "{7D543889-2E26-9FB3-519B-C209B41A5575}"
EndProject
Project("{2EB63514-74AF-712B-4C54-A259D78DB415}") = "WorkingTitle", "Assembly-CSharp.csproj", "{163784EC-3AFB-CD20-DFB9-57A1D796A04C}"
EndProject
Project("{2EB63514-74AF-712B-4C54-A259D78DB415}") = "WorkingTitle", "Assembly-CSharp-Editor.csproj", "{D9FF4C4A-3BA7-B0D8-BC8E-EE5C86E77A8C}"
EndProject
Global
	GlobalSection(SolutionConfigurationPlatforms) = preSolution
		Debug|Any CPU = Debug|Any CPU
		Release|Any CPU = Release|Any CPU
	EndGlobalSection
	GlobalSection(ProjectConfigurationPlatforms) = postSolution
		{7D543889-2E26-9FB3-519B-C209B41A5575}.Debug|Any CPU.ActiveCfg = Debug|Any CPU
		{7D543889-2E26-9FB3-519B-C209B41A5575}.Debug|Any CPU.Build.0 = Debug|Any CPU
		{7D543889-2E26-9FB3-519B-C209B41A5575}.Release|Any CPU.ActiveCfg = Release|Any CPU
		{7D543889-2E26-9FB3-519B-C209B41A5575}.Release|Any CPU.Build.0 = Release|Any CPU
		{163784EC-3AFB-CD20-DFB9-57A1D796A04C}.Debug|Any CPU.ActiveCfg = Debug|Any CPU
		{163784EC-3AFB-CD20-DFB9-57A1D796A04C}.Debug|Any CPU.Build.0 = Debug|Any CPU
		{163784EC-3AFB-CD20-DFB9-57A1D796A04C}.Release|Any CPU.ActiveCfg = Release|Any CPU
		{163784EC-3AFB-CD20-DFB9-57A1D796A04C}.Release|Any CPU.Build.0 = Release|Any CPU
		{D9FF4C4A-3BA7-B0D8-BC8E-EE5C86E77A8C}.Debug|Any CPU.ActiveCfg = Debug|Any CPU
		{D9FF4C4A-3BA7-B0D8-BC8E-EE5C86E77A8C}.Debug|Any CPU.Build.0 = Debug|Any CPU
		{D9FF4C4A-3BA7-B0D8-BC8E-EE5C86E77A8C}.Release|Any CPU.ActiveCfg = Release|Any CPU
		{D9FF4C4A-3BA7-B0D8-BC8E-EE5C86E77A8C}.Release|Any CPU.Build.0 = Release|Any CPU
	EndGlobalSection
	GlobalSection(SolutionProperties) = preSolution
		HideSolutionNode = FALSE
	EndGlobalSection
	GlobalSection(MonoDevelopProperties) = preSolution
		StartupItem = Assembly-CSharp.csproj
	EndGlobalSection
EndGlobal
